
Microsoft Visual Studio Solution File, Format Version 12.00
# Visual Studio Version 17
VisualStudioVersion = 17.9.34622.214
MinimumVisualStudioVersion = 10.0.40219.1
Project("{FAE04EC0-301F-11D3-BF4B-00C04F79EFBC}") = "BlazorAppAuto4", "BlazorAppAuto4\BlazorAppAuto4\BlazorAppAuto4.csproj", "{637D4C19-E437-45C2-A7C0-3B110D4680E8}"
EndProject
Project("{FAE04EC0-301F-11D3-BF4B-00C04F79EFBC}") = "BlazorAppAuto4.Client", "BlazorAppAuto4\BlazorAppAuto4.Client\BlazorAppAuto4.Client.csproj", "{2DFC13CA-6B41-4704-AB4F-317C65319E27}"
EndProject
Global
	GlobalSection(SolutionConfigurationPlatforms) = preSolution
		Debug|Any CPU = Debug|Any CPU
		Release|Any CPU = Release|Any CPU
	EndGlobalSection
	GlobalSection(ProjectConfigurationPlatforms) = postSolution
		{637D4C19-E437-45C2-A7C0-3B110D4680E8}.Debug|Any CPU.ActiveCfg = Debug|Any CPU
		{637D4C19-E437-45C2-A7C0-3B110D4680E8}.Debug|Any CPU.Build.0 = Debug|Any CPU
		{637D4C19-E437-45C2-A7C0-3B110D4680E8}.Release|Any CPU.ActiveCfg = Release|Any CPU
		{637D4C19-E437-45C2-A7C0-3B110D4680E8}.Release|Any CPU.Build.0 = Release|Any CPU
		{2DFC13CA-6B41-4704-AB4F-317C65319E27}.Debug|Any CPU.ActiveCfg = Debug|Any CPU
		{2DFC13CA-6B41-4704-AB4F-317C65319E27}.Debug|Any CPU.Build.0 = Debug|Any CPU
		{2DFC13CA-6B41-4704-AB4F-317C65319E27}.Release|Any CPU.ActiveCfg = Release|Any CPU
		{2DFC13CA-6B41-4704-AB4F-317C65319E27}.Release|Any CPU.Build.0 = Release|Any CPU
	EndGlobalSection
	GlobalSection(SolutionProperties) = preSolution
		HideSolutionNode = FALSE
	EndGlobalSection
	GlobalSection(ExtensibilityGlobals) = postSolution
		SolutionGuid = {F919FF6C-05CF-455B-B97D-03BCE6BD6F4F}
	EndGlobalSection
EndGlobal
